
Microsoft Visual Studio Solution File, Format Version 12.00
# Visual Studio 2015
Project("{FAE04EC0-301F-11D3-BF4B-00C04F79EFBC}") = "Letters4", "Letters4.csproj", "{D1CC2B6E-ACE9-9A11-737F-CEA643F9DE21}"
EndProject
Global
	GlobalSection(SolutionConfigurationPlatforms) = preSolution
		Debug|Any CPU = Debug|Any CPU
		Release|Any CPU = Release|Any CPU
	EndGlobalSection
	GlobalSection(ProjectConfigurationPlatforms) = postSolution
		{D1CC2B6E-ACE9-9A11-737F-CEA643F9DE21}.Debug|Any CPU.ActiveCfg = Debug|Any CPU
		{D1CC2B6E-ACE9-9A11-737F-CEA643F9DE21}.Debug|Any CPU.Build.0 = Debug|Any CPU
		{D1CC2B6E-ACE9-9A11-737F-CEA643F9DE21}.Release|Any CPU.ActiveCfg = Release|Any CPU
		{D1CC2B6E-ACE9-9A11-737F-CEA643F9DE21}.Release|Any CPU.Build.0 = Release|Any CPU
	EndGlobalSection
	GlobalSection(SolutionProperties) = preSolution
		HideSolutionNode = FALSE
	EndGlobalSection
EndGlobal
